// !$*UTF8*$!
{
	archiveVersion = 1;
	classes = {
	};
	objectVersion = 48;
	objects = {

/* Begin PBXBuildFile section */
		14A9548B20B170AE0090F9B5 /* AppDelegate.swift in Sources */ = {isa = PBXBuildFile; fileRef = 14A9548A20B170AE0090F9B5 /* AppDelegate.swift */; };
		14A9548D20B170AE0090F9B5 /* ViewController.swift in Sources */ = {isa = PBXBuildFile; fileRef = 14A9548C20B170AE0090F9B5 /* ViewController.swift */; };
		14A9549020B170AE0090F9B5 /* Main.storyboard in Resources */ = {isa = PBXBuildFile; fileRef = 14A9548E20B170AE0090F9B5 /* Main.storyboard */; };
		14A9549320B170AE0090F9B5 /* PS4WeekReleases.xcdatamodeld in Sources */ = {isa = PBXBuildFile; fileRef = 14A9549120B170AE0090F9B5 /* PS4WeekReleases.xcdatamodeld */; };
		14A9549520B170AE0090F9B5 /* Assets.xcassets in Resources */ = {isa = PBXBuildFile; fileRef = 14A9549420B170AE0090F9B5 /* Assets.xcassets */; };
		14A9549820B170AE0090F9B5 /* LaunchScreen.storyboard in Resources */ = {isa = PBXBuildFile; fileRef = 14A9549620B170AE0090F9B5 /* LaunchScreen.storyboard */; };
		14A954AE20B170AE0090F9B5 /* PS4WeekReleasesUITests.swift in Sources */ = {isa = PBXBuildFile; fileRef = 14A954AD20B170AE0090F9B5 /* PS4WeekReleasesUITests.swift */; };
		14A954C420B1C5A50090F9B5 /* Game.swift in Sources */ = {isa = PBXBuildFile; fileRef = 14A954C320B1C5A50090F9B5 /* Game.swift */; };
		14A954C620B1C67B0090F9B5 /* ReleaseDate.swift in Sources */ = {isa = PBXBuildFile; fileRef = 14A954C520B1C67B0090F9B5 /* ReleaseDate.swift */; };
		14A954C920B334960090F9B5 /* Service.swift in Sources */ = {isa = PBXBuildFile; fileRef = 14A954C820B334960090F9B5 /* Service.swift */; };
		14A954CC20B338D50090F9B5 /* ApiService.swift in Sources */ = {isa = PBXBuildFile; fileRef = 14A954CB20B338D50090F9B5 /* ApiService.swift */; };
		14A954CF20B339400090F9B5 /* Bundle.swift in Sources */ = {isa = PBXBuildFile; fileRef = 14A954CE20B339400090F9B5 /* Bundle.swift */; };
		14A954D320B339FC0090F9B5 /* ApiRouter.swift in Sources */ = {isa = PBXBuildFile; fileRef = 14A954D220B339FC0090F9B5 /* ApiRouter.swift */; };
		14A954D520B33F7E0090F9B5 /* HTTPHeaderField.swift in Sources */ = {isa = PBXBuildFile; fileRef = 14A954D420B33F7E0090F9B5 /* HTTPHeaderField.swift */; };
		14A954D720B342F60090F9B5 /* Date+Milisseconds.swift in Sources */ = {isa = PBXBuildFile; fileRef = 14A954D620B342F60090F9B5 /* Date+Milisseconds.swift */; };
		14A954D920B34ADF0090F9B5 /* ReleaseDateApiService.swift in Sources */ = {isa = PBXBuildFile; fileRef = 14A954D820B34ADF0090F9B5 /* ReleaseDateApiService.swift */; };
		1EF38320220D036F2C158FDF /* Pods_PS4WeekReleasesUITests.framework in Frameworks */ = {isa = PBXBuildFile; fileRef = 2F0D1E16B331496584FDDB2A /* Pods_PS4WeekReleasesUITests.framework */; };
		33629A13415118ADDAD68497 /* Pods_PS4WeekReleasesTests.framework in Frameworks */ = {isa = PBXBuildFile; fileRef = C02D45561F47EE800C27712F /* Pods_PS4WeekReleasesTests.framework */; };
		4A557C8678829A3A833EFE20 /* Pods_PS4WeekReleases.framework in Frameworks */ = {isa = PBXBuildFile; fileRef = 4D3BB2C9C8F7CE44ED3918FA /* Pods_PS4WeekReleases.framework */; };
		799E559320B574B7005671EC /* APIServiceTest.swift in Sources */ = {isa = PBXBuildFile; fileRef = 799E559220B574B7005671EC /* APIServiceTest.swift */; };
		799E559520B5767C005671EC /* ReleaseDateServiceTest.swift in Sources */ = {isa = PBXBuildFile; fileRef = 799E559420B5767C005671EC /* ReleaseDateServiceTest.swift */; };
		799E559820B57DEC005671EC /* ReleaseDateApiServiceTest.swift in Sources */ = {isa = PBXBuildFile; fileRef = 799E559720B57DEC005671EC /* ReleaseDateApiServiceTest.swift */; };
		799E559A20B595B4005671EC /* Date+Day.swift in Sources */ = {isa = PBXBuildFile; fileRef = 799E559920B595B4005671EC /* Date+Day.swift */; };
		799E559D20B5A777005671EC /* WeekSearchStoreManager.swift in Sources */ = {isa = PBXBuildFile; fileRef = 799E559C20B5A777005671EC /* WeekSearchStoreManager.swift */; };
		79B9173420B436E80065205C /* ReleaseDateService.swift in Sources */ = {isa = PBXBuildFile; fileRef = 79B9173320B436E80065205C /* ReleaseDateService.swift */; };
		79B9173620B453F80065205C /* Cover.swift in Sources */ = {isa = PBXBuildFile; fileRef = 79B9173520B453F80065205C /* Cover.swift */; };
		79B9173820B456B90065205C /* Constants.swift in Sources */ = {isa = PBXBuildFile; fileRef = 79B9173720B456B90065205C /* Constants.swift */; };
/* End PBXBuildFile section */

/* Begin PBXContainerItemProxy section */
		14A9549F20B170AE0090F9B5 /* PBXContainerItemProxy */ = {
			isa = PBXContainerItemProxy;
			containerPortal = 14A9547F20B170AE0090F9B5 /* Project object */;
			proxyType = 1;
			remoteGlobalIDString = 14A9548620B170AE0090F9B5;
			remoteInfo = PS4WeekReleases;
		};
		14A954AA20B170AE0090F9B5 /* PBXContainerItemProxy */ = {
			isa = PBXContainerItemProxy;
			containerPortal = 14A9547F20B170AE0090F9B5 /* Project object */;
			proxyType = 1;
			remoteGlobalIDString = 14A9548620B170AE0090F9B5;
			remoteInfo = PS4WeekReleases;
		};
/* End PBXContainerItemProxy section */

/* Begin PBXFileReference section */
		14A9548720B170AE0090F9B5 /* PS4WeekReleases.app */ = {isa = PBXFileReference; explicitFileType = wrapper.application; includeInIndex = 0; path = PS4WeekReleases.app; sourceTree = BUILT_PRODUCTS_DIR; };
		14A9548A20B170AE0090F9B5 /* AppDelegate.swift */ = {isa = PBXFileReference; lastKnownFileType = sourcecode.swift; path = AppDelegate.swift; sourceTree = "<group>"; };
		14A9548C20B170AE0090F9B5 /* ViewController.swift */ = {isa = PBXFileReference; lastKnownFileType = sourcecode.swift; path = ViewController.swift; sourceTree = "<group>"; };
		14A9548F20B170AE0090F9B5 /* Base */ = {isa = PBXFileReference; lastKnownFileType = file.storyboard; name = Base; path = Base.lproj/Main.storyboard; sourceTree = "<group>"; };
		14A9549220B170AE0090F9B5 /* PS4WeekReleases.xcdatamodel */ = {isa = PBXFileReference; lastKnownFileType = wrapper.xcdatamodel; path = PS4WeekReleases.xcdatamodel; sourceTree = "<group>"; };
		14A9549420B170AE0090F9B5 /* Assets.xcassets */ = {isa = PBXFileReference; lastKnownFileType = folder.assetcatalog; path = Assets.xcassets; sourceTree = "<group>"; };
		14A9549720B170AE0090F9B5 /* Base */ = {isa = PBXFileReference; lastKnownFileType = file.storyboard; name = Base; path = Base.lproj/LaunchScreen.storyboard; sourceTree = "<group>"; };
		14A9549920B170AE0090F9B5 /* Info.plist */ = {isa = PBXFileReference; lastKnownFileType = text.plist.xml; path = Info.plist; sourceTree = "<group>"; };
		14A9549E20B170AE0090F9B5 /* PS4WeekReleasesTests.xctest */ = {isa = PBXFileReference; explicitFileType = wrapper.cfbundle; includeInIndex = 0; path = PS4WeekReleasesTests.xctest; sourceTree = BUILT_PRODUCTS_DIR; };
		14A954A420B170AE0090F9B5 /* Info.plist */ = {isa = PBXFileReference; lastKnownFileType = text.plist.xml; path = Info.plist; sourceTree = "<group>"; };
		14A954A920B170AE0090F9B5 /* PS4WeekReleasesUITests.xctest */ = {isa = PBXFileReference; explicitFileType = wrapper.cfbundle; includeInIndex = 0; path = PS4WeekReleasesUITests.xctest; sourceTree = BUILT_PRODUCTS_DIR; };
		14A954AD20B170AE0090F9B5 /* PS4WeekReleasesUITests.swift */ = {isa = PBXFileReference; lastKnownFileType = sourcecode.swift; path = PS4WeekReleasesUITests.swift; sourceTree = "<group>"; };
		14A954AF20B170AE0090F9B5 /* Info.plist */ = {isa = PBXFileReference; lastKnownFileType = text.plist.xml; path = Info.plist; sourceTree = "<group>"; };
		14A954C320B1C5A50090F9B5 /* Game.swift */ = {isa = PBXFileReference; lastKnownFileType = sourcecode.swift; path = Game.swift; sourceTree = "<group>"; };
		14A954C520B1C67B0090F9B5 /* ReleaseDate.swift */ = {isa = PBXFileReference; lastKnownFileType = sourcecode.swift; path = ReleaseDate.swift; sourceTree = "<group>"; };
		14A954C820B334960090F9B5 /* Service.swift */ = {isa = PBXFileReference; lastKnownFileType = sourcecode.swift; path = Service.swift; sourceTree = "<group>"; };
		14A954CB20B338D50090F9B5 /* ApiService.swift */ = {isa = PBXFileReference; lastKnownFileType = sourcecode.swift; path = ApiService.swift; sourceTree = "<group>"; };
		14A954CE20B339400090F9B5 /* Bundle.swift */ = {isa = PBXFileReference; lastKnownFileType = sourcecode.swift; path = Bundle.swift; sourceTree = "<group>"; };
		14A954D220B339FC0090F9B5 /* ApiRouter.swift */ = {isa = PBXFileReference; lastKnownFileType = sourcecode.swift; path = ApiRouter.swift; sourceTree = "<group>"; };
		14A954D420B33F7E0090F9B5 /* HTTPHeaderField.swift */ = {isa = PBXFileReference; lastKnownFileType = sourcecode.swift; path = HTTPHeaderField.swift; sourceTree = "<group>"; };
		14A954D620B342F60090F9B5 /* Date+Milisseconds.swift */ = {isa = PBXFileReference; lastKnownFileType = sourcecode.swift; path = "Date+Milisseconds.swift"; sourceTree = "<group>"; };
		14A954D820B34ADF0090F9B5 /* ReleaseDateApiService.swift */ = {isa = PBXFileReference; lastKnownFileType = sourcecode.swift; path = ReleaseDateApiService.swift; sourceTree = "<group>"; };
		2F0D1E16B331496584FDDB2A /* Pods_PS4WeekReleasesUITests.framework */ = {isa = PBXFileReference; explicitFileType = wrapper.framework; includeInIndex = 0; path = Pods_PS4WeekReleasesUITests.framework; sourceTree = BUILT_PRODUCTS_DIR; };
		4D3BB2C9C8F7CE44ED3918FA /* Pods_PS4WeekReleases.framework */ = {isa = PBXFileReference; explicitFileType = wrapper.framework; includeInIndex = 0; path = Pods_PS4WeekReleases.framework; sourceTree = BUILT_PRODUCTS_DIR; };
		738701A99639B6A1AA75EFC5 /* Pods-PS4WeekReleases.release.xcconfig */ = {isa = PBXFileReference; includeInIndex = 1; lastKnownFileType = text.xcconfig; name = "Pods-PS4WeekReleases.release.xcconfig"; path = "Pods/Target Support Files/Pods-PS4WeekReleases/Pods-PS4WeekReleases.release.xcconfig"; sourceTree = "<group>"; };
		77D3BD06D789E84DE8504810 /* Pods-PS4WeekReleases.debug.xcconfig */ = {isa = PBXFileReference; includeInIndex = 1; lastKnownFileType = text.xcconfig; name = "Pods-PS4WeekReleases.debug.xcconfig"; path = "Pods/Target Support Files/Pods-PS4WeekReleases/Pods-PS4WeekReleases.debug.xcconfig"; sourceTree = "<group>"; };
		799E559220B574B7005671EC /* APIServiceTest.swift */ = {isa = PBXFileReference; lastKnownFileType = sourcecode.swift; path = APIServiceTest.swift; sourceTree = "<group>"; };
		799E559420B5767C005671EC /* ReleaseDateServiceTest.swift */ = {isa = PBXFileReference; lastKnownFileType = sourcecode.swift; path = ReleaseDateServiceTest.swift; sourceTree = "<group>"; };
		799E559620B57884005671EC /* PS4WeekReleasesTests-Bridging-Header.h */ = {isa = PBXFileReference; lastKnownFileType = sourcecode.c.h; path = "PS4WeekReleasesTests-Bridging-Header.h"; sourceTree = "<group>"; };
		799E559720B57DEC005671EC /* ReleaseDateApiServiceTest.swift */ = {isa = PBXFileReference; lastKnownFileType = sourcecode.swift; path = ReleaseDateApiServiceTest.swift; sourceTree = "<group>"; };
		799E559920B595B4005671EC /* Date+Day.swift */ = {isa = PBXFileReference; lastKnownFileType = sourcecode.swift; path = "Date+Day.swift"; sourceTree = "<group>"; };
		799E559C20B5A777005671EC /* WeekSearchStoreManager.swift */ = {isa = PBXFileReference; lastKnownFileType = sourcecode.swift; path = WeekSearchStoreManager.swift; sourceTree = "<group>"; };
		79B9173320B436E80065205C /* ReleaseDateService.swift */ = {isa = PBXFileReference; lastKnownFileType = sourcecode.swift; path = ReleaseDateService.swift; sourceTree = "<group>"; };
		79B9173520B453F80065205C /* Cover.swift */ = {isa = PBXFileReference; lastKnownFileType = sourcecode.swift; path = Cover.swift; sourceTree = "<group>"; };
		79B9173720B456B90065205C /* Constants.swift */ = {isa = PBXFileReference; lastKnownFileType = sourcecode.swift; path = Constants.swift; sourceTree = "<group>"; };
		90BBDF5CC1D7F2E4D843ABB6 /* Pods-PS4WeekReleasesUITests.debug.xcconfig */ = {isa = PBXFileReference; includeInIndex = 1; lastKnownFileType = text.xcconfig; name = "Pods-PS4WeekReleasesUITests.debug.xcconfig"; path = "Pods/Target Support Files/Pods-PS4WeekReleasesUITests/Pods-PS4WeekReleasesUITests.debug.xcconfig"; sourceTree = "<group>"; };
		A4EDD68EE172A3E8B76C596F /* Pods-PS4WeekReleasesTests.release.xcconfig */ = {isa = PBXFileReference; includeInIndex = 1; lastKnownFileType = text.xcconfig; name = "Pods-PS4WeekReleasesTests.release.xcconfig"; path = "Pods/Target Support Files/Pods-PS4WeekReleasesTests/Pods-PS4WeekReleasesTests.release.xcconfig"; sourceTree = "<group>"; };
		B033B0A34F643B7D8FBFB85E /* Pods-PS4WeekReleasesUITests.release.xcconfig */ = {isa = PBXFileReference; includeInIndex = 1; lastKnownFileType = text.xcconfig; name = "Pods-PS4WeekReleasesUITests.release.xcconfig"; path = "Pods/Target Support Files/Pods-PS4WeekReleasesUITests/Pods-PS4WeekReleasesUITests.release.xcconfig"; sourceTree = "<group>"; };
		C02D45561F47EE800C27712F /* Pods_PS4WeekReleasesTests.framework */ = {isa = PBXFileReference; explicitFileType = wrapper.framework; includeInIndex = 0; path = Pods_PS4WeekReleasesTests.framework; sourceTree = BUILT_PRODUCTS_DIR; };
		F17DF02E3D442B15623C0768 /* Pods-PS4WeekReleasesTests.debug.xcconfig */ = {isa = PBXFileReference; includeInIndex = 1; lastKnownFileType = text.xcconfig; name = "Pods-PS4WeekReleasesTests.debug.xcconfig"; path = "Pods/Target Support Files/Pods-PS4WeekReleasesTests/Pods-PS4WeekReleasesTests.debug.xcconfig"; sourceTree = "<group>"; };
/* End PBXFileReference section */

/* Begin PBXFrameworksBuildPhase section */
		14A9548420B170AE0090F9B5 /* Frameworks */ = {
			isa = PBXFrameworksBuildPhase;
			buildActionMask = 2147483647;
			files = (
				4A557C8678829A3A833EFE20 /* Pods_PS4WeekReleases.framework in Frameworks */,
			);
			runOnlyForDeploymentPostprocessing = 0;
		};
		14A9549B20B170AE0090F9B5 /* Frameworks */ = {
			isa = PBXFrameworksBuildPhase;
			buildActionMask = 2147483647;
			files = (
				33629A13415118ADDAD68497 /* Pods_PS4WeekReleasesTests.framework in Frameworks */,
			);
			runOnlyForDeploymentPostprocessing = 0;
		};
		14A954A620B170AE0090F9B5 /* Frameworks */ = {
			isa = PBXFrameworksBuildPhase;
			buildActionMask = 2147483647;
			files = (
				1EF38320220D036F2C158FDF /* Pods_PS4WeekReleasesUITests.framework in Frameworks */,
			);
			runOnlyForDeploymentPostprocessing = 0;
		};
/* End PBXFrameworksBuildPhase section */

/* Begin PBXGroup section */
		14A9547E20B170AE0090F9B5 = {
			isa = PBXGroup;
			children = (
				14A9548920B170AE0090F9B5 /* PS4WeekReleases */,
				14A954A120B170AE0090F9B5 /* PS4WeekReleasesTests */,
				14A954AC20B170AE0090F9B5 /* PS4WeekReleasesUITests */,
				14A9548820B170AE0090F9B5 /* Products */,
				F940D413F18D6C8F1A7581B9 /* Pods */,
				FDC1196300AE98487277585C /* Frameworks */,
			);
			sourceTree = "<group>";
		};
		14A9548820B170AE0090F9B5 /* Products */ = {
			isa = PBXGroup;
			children = (
				14A9548720B170AE0090F9B5 /* PS4WeekReleases.app */,
				14A9549E20B170AE0090F9B5 /* PS4WeekReleasesTests.xctest */,
				14A954A920B170AE0090F9B5 /* PS4WeekReleasesUITests.xctest */,
			);
			name = Products;
			sourceTree = "<group>";
		};
		14A9548920B170AE0090F9B5 /* PS4WeekReleases */ = {
			isa = PBXGroup;
			children = (
				14A9549420B170AE0090F9B5 /* Assets.xcassets */,
				14A954C720B334500090F9B5 /* View */,
				14A954BE20B174710090F9B5 /* Classes */,
				14A954C020B174A20090F9B5 /* Resources */,
				14A954BD20B174570090F9B5 /* SupportingFiles */,
			);
			path = PS4WeekReleases;
			sourceTree = "<group>";
		};
		14A954A120B170AE0090F9B5 /* PS4WeekReleasesTests */ = {
			isa = PBXGroup;
			children = (
				799E558F20B5745D005671EC /* Service */,
				14A954A420B170AE0090F9B5 /* Info.plist */,
			);
			path = PS4WeekReleasesTests;
			sourceTree = "<group>";
		};
		14A954AC20B170AE0090F9B5 /* PS4WeekReleasesUITests */ = {
			isa = PBXGroup;
			children = (
				14A954AD20B170AE0090F9B5 /* PS4WeekReleasesUITests.swift */,
				14A954AF20B170AE0090F9B5 /* Info.plist */,
			);
			path = PS4WeekReleasesUITests;
			sourceTree = "<group>";
		};
		14A954BD20B174570090F9B5 /* SupportingFiles */ = {
			isa = PBXGroup;
			children = (
				14A9549920B170AE0090F9B5 /* Info.plist */,
			);
			path = SupportingFiles;
			sourceTree = "<group>";
		};
		14A954BE20B174710090F9B5 /* Classes */ = {
			isa = PBXGroup;
			children = (
				14A9548A20B170AE0090F9B5 /* AppDelegate.swift */,
				14A954BF20B174930090F9B5 /* Controller */,
				799E559B20B5A756005671EC /* CoreData */,
				14A954CD20B339330090F9B5 /* Helper */,
				14A954C120B1C5580090F9B5 /* Model */,
				14A954C220B1C56B0090F9B5 /* Service */,
			);
			path = Classes;
			sourceTree = "<group>";
		};
		14A954BF20B174930090F9B5 /* Controller */ = {
			isa = PBXGroup;
			children = (
				14A9548C20B170AE0090F9B5 /* ViewController.swift */,
			);
			path = Controller;
			sourceTree = "<group>";
		};
		14A954C020B174A20090F9B5 /* Resources */ = {
			isa = PBXGroup;
			children = (
				14A9549120B170AE0090F9B5 /* PS4WeekReleases.xcdatamodeld */,
			);
			path = Resources;
			sourceTree = "<group>";
		};
		14A954C120B1C5580090F9B5 /* Model */ = {
			isa = PBXGroup;
			children = (
				14A954C320B1C5A50090F9B5 /* Game.swift */,
				14A954C520B1C67B0090F9B5 /* ReleaseDate.swift */,
				79B9173520B453F80065205C /* Cover.swift */,
			);
			path = Model;
			sourceTree = "<group>";
		};
		14A954C220B1C56B0090F9B5 /* Service */ = {
			isa = PBXGroup;
			children = (
				14A954CA20B338A50090F9B5 /* API */,
				14A954C820B334960090F9B5 /* Service.swift */,
				14A954D420B33F7E0090F9B5 /* HTTPHeaderField.swift */,
				79B9173320B436E80065205C /* ReleaseDateService.swift */,
			);
			path = Service;
			sourceTree = "<group>";
		};
		14A954C720B334500090F9B5 /* View */ = {
			isa = PBXGroup;
			children = (
				14A9548E20B170AE0090F9B5 /* Main.storyboard */,
				14A9549620B170AE0090F9B5 /* LaunchScreen.storyboard */,
			);
			path = View;
			sourceTree = "<group>";
		};
		14A954CA20B338A50090F9B5 /* API */ = {
			isa = PBXGroup;
			children = (
				14A954CB20B338D50090F9B5 /* ApiService.swift */,
				14A954D220B339FC0090F9B5 /* ApiRouter.swift */,
				14A954D820B34ADF0090F9B5 /* ReleaseDateApiService.swift */,
				79B9173720B456B90065205C /* Constants.swift */,
			);
			path = API;
			sourceTree = "<group>";
		};
		14A954CD20B339330090F9B5 /* Helper */ = {
			isa = PBXGroup;
			children = (
				14A954CE20B339400090F9B5 /* Bundle.swift */,
				14A954D620B342F60090F9B5 /* Date+Milisseconds.swift */,
				799E559920B595B4005671EC /* Date+Day.swift */,
			);
			path = Helper;
			sourceTree = "<group>";
		};
		799E558F20B5745D005671EC /* Service */ = {
			isa = PBXGroup;
			children = (
				799E559420B5767C005671EC /* ReleaseDateServiceTest.swift */,
				799E559020B57496005671EC /* API */,
			);
			path = Service;
			sourceTree = "<group>";
		};
		799E559020B57496005671EC /* API */ = {
			isa = PBXGroup;
			children = (
				799E559620B57884005671EC /* PS4WeekReleasesTests-Bridging-Header.h */,
				799E559220B574B7005671EC /* APIServiceTest.swift */,
				799E559720B57DEC005671EC /* ReleaseDateApiServiceTest.swift */,
			);
			path = API;
			sourceTree = "<group>";
		};
		799E559B20B5A756005671EC /* CoreData */ = {
			isa = PBXGroup;
			children = (
				799E559C20B5A777005671EC /* WeekSearchStoreManager.swift */,
			);
			path = CoreData;
			sourceTree = "<group>";
		};
		F940D413F18D6C8F1A7581B9 /* Pods */ = {
			isa = PBXGroup;
			children = (
				77D3BD06D789E84DE8504810 /* Pods-PS4WeekReleases.debug.xcconfig */,
				738701A99639B6A1AA75EFC5 /* Pods-PS4WeekReleases.release.xcconfig */,
				F17DF02E3D442B15623C0768 /* Pods-PS4WeekReleasesTests.debug.xcconfig */,
				A4EDD68EE172A3E8B76C596F /* Pods-PS4WeekReleasesTests.release.xcconfig */,
				90BBDF5CC1D7F2E4D843ABB6 /* Pods-PS4WeekReleasesUITests.debug.xcconfig */,
				B033B0A34F643B7D8FBFB85E /* Pods-PS4WeekReleasesUITests.release.xcconfig */,
			);
			name = Pods;
			sourceTree = "<group>";
		};
		FDC1196300AE98487277585C /* Frameworks */ = {
			isa = PBXGroup;
			children = (
				4D3BB2C9C8F7CE44ED3918FA /* Pods_PS4WeekReleases.framework */,
				C02D45561F47EE800C27712F /* Pods_PS4WeekReleasesTests.framework */,
				2F0D1E16B331496584FDDB2A /* Pods_PS4WeekReleasesUITests.framework */,
			);
			name = Frameworks;
			sourceTree = "<group>";
		};
/* End PBXGroup section */

/* Begin PBXNativeTarget section */
		14A9548620B170AE0090F9B5 /* PS4WeekReleases */ = {
			isa = PBXNativeTarget;
			buildConfigurationList = 14A954B220B170AE0090F9B5 /* Build configuration list for PBXNativeTarget "PS4WeekReleases" */;
			buildPhases = (
				CEF755B41FABB6458C54460E /* [CP] Check Pods Manifest.lock */,
				14A9548320B170AE0090F9B5 /* Sources */,
				14A9548420B170AE0090F9B5 /* Frameworks */,
				14A9548520B170AE0090F9B5 /* Resources */,
				3AD638A2306D2949F30C1A51 /* [CP] Embed Pods Frameworks */,
				14A954BC20B171E90090F9B5 /* Swift Lint */,
			);
			buildRules = (
			);
			dependencies = (
			);
			name = PS4WeekReleases;
			productName = PS4WeekReleases;
			productReference = 14A9548720B170AE0090F9B5 /* PS4WeekReleases.app */;
			productType = "com.apple.product-type.application";
		};
		14A9549D20B170AE0090F9B5 /* PS4WeekReleasesTests */ = {
			isa = PBXNativeTarget;
			buildConfigurationList = 14A954B520B170AE0090F9B5 /* Build configuration list for PBXNativeTarget "PS4WeekReleasesTests" */;
			buildPhases = (
				BEE1FB77ED3584B46EC57442 /* [CP] Check Pods Manifest.lock */,
				14A9549A20B170AE0090F9B5 /* Sources */,
				14A9549B20B170AE0090F9B5 /* Frameworks */,
				14A9549C20B170AE0090F9B5 /* Resources */,
			);
			buildRules = (
			);
			dependencies = (
				14A954A020B170AE0090F9B5 /* PBXTargetDependency */,
			);
			name = PS4WeekReleasesTests;
			productName = PS4WeekReleasesTests;
			productReference = 14A9549E20B170AE0090F9B5 /* PS4WeekReleasesTests.xctest */;
			productType = "com.apple.product-type.bundle.unit-test";
		};
		14A954A820B170AE0090F9B5 /* PS4WeekReleasesUITests */ = {
			isa = PBXNativeTarget;
			buildConfigurationList = 14A954B820B170AE0090F9B5 /* Build configuration list for PBXNativeTarget "PS4WeekReleasesUITests" */;
			buildPhases = (
				BD48C81F70BF2BB06A80D904 /* [CP] Check Pods Manifest.lock */,
				14A954A520B170AE0090F9B5 /* Sources */,
				14A954A620B170AE0090F9B5 /* Frameworks */,
				14A954A720B170AE0090F9B5 /* Resources */,
			);
			buildRules = (
			);
			dependencies = (
				14A954AB20B170AE0090F9B5 /* PBXTargetDependency */,
			);
			name = PS4WeekReleasesUITests;
			productName = PS4WeekReleasesUITests;
			productReference = 14A954A920B170AE0090F9B5 /* PS4WeekReleasesUITests.xctest */;
			productType = "com.apple.product-type.bundle.ui-testing";
		};
/* End PBXNativeTarget section */

/* Begin PBXProject section */
		14A9547F20B170AE0090F9B5 /* Project object */ = {
			isa = PBXProject;
			attributes = {
				LastSwiftUpdateCheck = 0920;
				LastUpgradeCheck = 0920;
				ORGANIZATIONNAME = gcarvalho;
				TargetAttributes = {
					14A9548620B170AE0090F9B5 = {
						CreatedOnToolsVersion = 9.2;
						ProvisioningStyle = Automatic;
					};
					14A9549D20B170AE0090F9B5 = {
						CreatedOnToolsVersion = 9.2;
						LastSwiftMigration = 0920;
						ProvisioningStyle = Automatic;
						TestTargetID = 14A9548620B170AE0090F9B5;
					};
					14A954A820B170AE0090F9B5 = {
						CreatedOnToolsVersion = 9.2;
						ProvisioningStyle = Automatic;
						TestTargetID = 14A9548620B170AE0090F9B5;
					};
				};
			};
			buildConfigurationList = 14A9548220B170AE0090F9B5 /* Build configuration list for PBXProject "PS4WeekReleases" */;
			compatibilityVersion = "Xcode 8.0";
			developmentRegion = en;
			hasScannedForEncodings = 0;
			knownRegions = (
				en,
				Base,
			);
			mainGroup = 14A9547E20B170AE0090F9B5;
			productRefGroup = 14A9548820B170AE0090F9B5 /* Products */;
			projectDirPath = "";
			projectRoot = "";
			targets = (
				14A9548620B170AE0090F9B5 /* PS4WeekReleases */,
				14A9549D20B170AE0090F9B5 /* PS4WeekReleasesTests */,
				14A954A820B170AE0090F9B5 /* PS4WeekReleasesUITests */,
			);
		};
/* End PBXProject section */

/* Begin PBXResourcesBuildPhase section */
		14A9548520B170AE0090F9B5 /* Resources */ = {
			isa = PBXResourcesBuildPhase;
			buildActionMask = 2147483647;
			files = (
				14A9549820B170AE0090F9B5 /* LaunchScreen.storyboard in Resources */,
				14A9549520B170AE0090F9B5 /* Assets.xcassets in Resources */,
				14A9549020B170AE0090F9B5 /* Main.storyboard in Resources */,
			);
			runOnlyForDeploymentPostprocessing = 0;
		};
		14A9549C20B170AE0090F9B5 /* Resources */ = {
			isa = PBXResourcesBuildPhase;
			buildActionMask = 2147483647;
			files = (
			);
			runOnlyForDeploymentPostprocessing = 0;
		};
		14A954A720B170AE0090F9B5 /* Resources */ = {
			isa = PBXResourcesBuildPhase;
			buildActionMask = 2147483647;
			files = (
			);
			runOnlyForDeploymentPostprocessing = 0;
		};
/* End PBXResourcesBuildPhase section */

/* Begin PBXShellScriptBuildPhase section */
		14A954BC20B171E90090F9B5 /* Swift Lint */ = {
			isa = PBXShellScriptBuildPhase;
			buildActionMask = 2147483647;
			files = (
			);
			inputPaths = (
			);
			name = "Swift Lint";
			outputPaths = (
			);
			runOnlyForDeploymentPostprocessing = 0;
			shellPath = /bin/sh;
			shellScript = "if which swiftlint >/dev/null; then\nswiftlint\nelse\necho \"warning: SwiftLint not installed, download from https://github.com/realm/SwiftLint\"\nfi";
		};
		3AD638A2306D2949F30C1A51 /* [CP] Embed Pods Frameworks */ = {
			isa = PBXShellScriptBuildPhase;
			buildActionMask = 2147483647;
			files = (
			);
			inputPaths = (
				"${SRCROOT}/Pods/Target Support Files/Pods-PS4WeekReleases/Pods-PS4WeekReleases-frameworks.sh",
				"${BUILT_PRODUCTS_DIR}/Alamofire/Alamofire.framework",
			);
			name = "[CP] Embed Pods Frameworks";
			outputPaths = (
				"${TARGET_BUILD_DIR}/${FRAMEWORKS_FOLDER_PATH}/Alamofire.framework",
			);
			runOnlyForDeploymentPostprocessing = 0;
			shellPath = /bin/sh;
			shellScript = "\"${SRCROOT}/Pods/Target Support Files/Pods-PS4WeekReleases/Pods-PS4WeekReleases-frameworks.sh\"\n";
			showEnvVarsInLog = 0;
		};
		BD48C81F70BF2BB06A80D904 /* [CP] Check Pods Manifest.lock */ = {
			isa = PBXShellScriptBuildPhase;
			buildActionMask = 2147483647;
			files = (
			);
			inputPaths = (
				"${PODS_PODFILE_DIR_PATH}/Podfile.lock",
				"${PODS_ROOT}/Manifest.lock",
			);
			name = "[CP] Check Pods Manifest.lock";
			outputPaths = (
				"$(DERIVED_FILE_DIR)/Pods-PS4WeekReleasesUITests-checkManifestLockResult.txt",
			);
			runOnlyForDeploymentPostprocessing = 0;
			shellPath = /bin/sh;
			shellScript = "diff \"${PODS_PODFILE_DIR_PATH}/Podfile.lock\" \"${PODS_ROOT}/Manifest.lock\" > /dev/null\nif [ $? != 0 ] ; then\n    # print error to STDERR\n    echo \"error: The sandbox is not in sync with the Podfile.lock. Run 'pod install' or update your CocoaPods installation.\" >&2\n    exit 1\nfi\n# This output is used by Xcode 'outputs' to avoid re-running this script phase.\necho \"SUCCESS\" > \"${SCRIPT_OUTPUT_FILE_0}\"\n";
			showEnvVarsInLog = 0;
		};
		BEE1FB77ED3584B46EC57442 /* [CP] Check Pods Manifest.lock */ = {
			isa = PBXShellScriptBuildPhase;
			buildActionMask = 2147483647;
			files = (
			);
			inputPaths = (
				"${PODS_PODFILE_DIR_PATH}/Podfile.lock",
				"${PODS_ROOT}/Manifest.lock",
			);
			name = "[CP] Check Pods Manifest.lock";
			outputPaths = (
				"$(DERIVED_FILE_DIR)/Pods-PS4WeekReleasesTests-checkManifestLockResult.txt",
			);
			runOnlyForDeploymentPostprocessing = 0;
			shellPath = /bin/sh;
			shellScript = "diff \"${PODS_PODFILE_DIR_PATH}/Podfile.lock\" \"${PODS_ROOT}/Manifest.lock\" > /dev/null\nif [ $? != 0 ] ; then\n    # print error to STDERR\n    echo \"error: The sandbox is not in sync with the Podfile.lock. Run 'pod install' or update your CocoaPods installation.\" >&2\n    exit 1\nfi\n# This output is used by Xcode 'outputs' to avoid re-running this script phase.\necho \"SUCCESS\" > \"${SCRIPT_OUTPUT_FILE_0}\"\n";
			showEnvVarsInLog = 0;
		};
		CEF755B41FABB6458C54460E /* [CP] Check Pods Manifest.lock */ = {
			isa = PBXShellScriptBuildPhase;
			buildActionMask = 2147483647;
			files = (
			);
			inputPaths = (
				"${PODS_PODFILE_DIR_PATH}/Podfile.lock",
				"${PODS_ROOT}/Manifest.lock",
			);
			name = "[CP] Check Pods Manifest.lock";
			outputPaths = (
				"$(DERIVED_FILE_DIR)/Pods-PS4WeekReleases-checkManifestLockResult.txt",
			);
			runOnlyForDeploymentPostprocessing = 0;
			shellPath = /bin/sh;
			shellScript = "diff \"${PODS_PODFILE_DIR_PATH}/Podfile.lock\" \"${PODS_ROOT}/Manifest.lock\" > /dev/null\nif [ $? != 0 ] ; then\n    # print error to STDERR\n    echo \"error: The sandbox is not in sync with the Podfile.lock. Run 'pod install' or update your CocoaPods installation.\" >&2\n    exit 1\nfi\n# This output is used by Xcode 'outputs' to avoid re-running this script phase.\necho \"SUCCESS\" > \"${SCRIPT_OUTPUT_FILE_0}\"\n";
			showEnvVarsInLog = 0;
		};
/* End PBXShellScriptBuildPhase section */

/* Begin PBXSourcesBuildPhase section */
		14A9548320B170AE0090F9B5 /* Sources */ = {
			isa = PBXSourcesBuildPhase;
			buildActionMask = 2147483647;
			files = (
				799E559A20B595B4005671EC /* Date+Day.swift in Sources */,
				14A9549320B170AE0090F9B5 /* PS4WeekReleases.xcdatamodeld in Sources */,
				14A954CF20B339400090F9B5 /* Bundle.swift in Sources */,
				14A954D520B33F7E0090F9B5 /* HTTPHeaderField.swift in Sources */,
				14A954C620B1C67B0090F9B5 /* ReleaseDate.swift in Sources */,
				79B9173820B456B90065205C /* Constants.swift in Sources */,
				14A954D920B34ADF0090F9B5 /* ReleaseDateApiService.swift in Sources */,
				14A9548D20B170AE0090F9B5 /* ViewController.swift in Sources */,
				14A9548B20B170AE0090F9B5 /* AppDelegate.swift in Sources */,
				14A954C420B1C5A50090F9B5 /* Game.swift in Sources */,
				79B9173420B436E80065205C /* ReleaseDateService.swift in Sources */,
				14A954CC20B338D50090F9B5 /* ApiService.swift in Sources */,
				799E559D20B5A777005671EC /* WeekSearchStoreManager.swift in Sources */,
				14A954D720B342F60090F9B5 /* Date+Milisseconds.swift in Sources */,
				79B9173620B453F80065205C /* Cover.swift in Sources */,
				14A954D320B339FC0090F9B5 /* ApiRouter.swift in Sources */,
				14A954C920B334960090F9B5 /* Service.swift in Sources */,
			);
			runOnlyForDeploymentPostprocessing = 0;
		};
		14A9549A20B170AE0090F9B5 /* Sources */ = {
			isa = PBXSourcesBuildPhase;
			buildActionMask = 2147483647;
			files = (
				799E559320B574B7005671EC /* APIServiceTest.swift in Sources */,
				799E559520B5767C005671EC /* ReleaseDateServiceTest.swift in Sources */,
				799E559820B57DEC005671EC /* ReleaseDateApiServiceTest.swift in Sources */,
			);
			runOnlyForDeploymentPostprocessing = 0;
		};
		14A954A520B170AE0090F9B5 /* Sources */ = {
			isa = PBXSourcesBuildPhase;
			buildActionMask = 2147483647;
			files = (
				14A954AE20B170AE0090F9B5 /* PS4WeekReleasesUITests.swift in Sources */,
			);
			runOnlyForDeploymentPostprocessing = 0;
		};
/* End PBXSourcesBuildPhase section */

/* Begin PBXTargetDependency section */
		14A954A020B170AE0090F9B5 /* PBXTargetDependency */ = {
			isa = PBXTargetDependency;
			target = 14A9548620B170AE0090F9B5 /* PS4WeekReleases */;
			targetProxy = 14A9549F20B170AE0090F9B5 /* PBXContainerItemProxy */;
		};
		14A954AB20B170AE0090F9B5 /* PBXTargetDependency */ = {
			isa = PBXTargetDependency;
			target = 14A9548620B170AE0090F9B5 /* PS4WeekReleases */;
			targetProxy = 14A954AA20B170AE0090F9B5 /* PBXContainerItemProxy */;
		};
/* End PBXTargetDependency section */

/* Begin PBXVariantGroup section */
		14A9548E20B170AE0090F9B5 /* Main.storyboard */ = {
			isa = PBXVariantGroup;
			children = (
				14A9548F20B170AE0090F9B5 /* Base */,
			);
			name = Main.storyboard;
			sourceTree = "<group>";
		};
		14A9549620B170AE0090F9B5 /* LaunchScreen.storyboard */ = {
			isa = PBXVariantGroup;
			children = (
				14A9549720B170AE0090F9B5 /* Base */,
			);
			name = LaunchScreen.storyboard;
			sourceTree = "<group>";
		};
/* End PBXVariantGroup section */

/* Begin XCBuildConfiguration section */
		14A954B020B170AE0090F9B5 /* Debug */ = {
			isa = XCBuildConfiguration;
			buildSettings = {
				ALWAYS_SEARCH_USER_PATHS = NO;
				CLANG_ANALYZER_NONNULL = YES;
				CLANG_ANALYZER_NUMBER_OBJECT_CONVERSION = YES_AGGRESSIVE;
				CLANG_CXX_LANGUAGE_STANDARD = "gnu++14";
				CLANG_CXX_LIBRARY = "libc++";
				CLANG_ENABLE_MODULES = YES;
				CLANG_ENABLE_OBJC_ARC = YES;
				CLANG_WARN_BLOCK_CAPTURE_AUTORELEASING = YES;
				CLANG_WARN_BOOL_CONVERSION = YES;
				CLANG_WARN_COMMA = YES;
				CLANG_WARN_CONSTANT_CONVERSION = YES;
				CLANG_WARN_DIRECT_OBJC_ISA_USAGE = YES_ERROR;
				CLANG_WARN_DOCUMENTATION_COMMENTS = YES;
				CLANG_WARN_EMPTY_BODY = YES;
				CLANG_WARN_ENUM_CONVERSION = YES;
				CLANG_WARN_INFINITE_RECURSION = YES;
				CLANG_WARN_INT_CONVERSION = YES;
				CLANG_WARN_NON_LITERAL_NULL_CONVERSION = YES;
				CLANG_WARN_OBJC_LITERAL_CONVERSION = YES;
				CLANG_WARN_OBJC_ROOT_CLASS = YES_ERROR;
				CLANG_WARN_RANGE_LOOP_ANALYSIS = YES;
				CLANG_WARN_STRICT_PROTOTYPES = YES;
				CLANG_WARN_SUSPICIOUS_MOVE = YES;
				CLANG_WARN_UNGUARDED_AVAILABILITY = YES_AGGRESSIVE;
				CLANG_WARN_UNREACHABLE_CODE = YES;
				CLANG_WARN__DUPLICATE_METHOD_MATCH = YES;
				CODE_SIGN_IDENTITY = "iPhone Developer";
				COPY_PHASE_STRIP = NO;
				DEBUG_INFORMATION_FORMAT = dwarf;
				ENABLE_STRICT_OBJC_MSGSEND = YES;
				ENABLE_TESTABILITY = YES;
				GCC_C_LANGUAGE_STANDARD = gnu11;
				GCC_DYNAMIC_NO_PIC = NO;
				GCC_NO_COMMON_BLOCKS = YES;
				GCC_OPTIMIZATION_LEVEL = 0;
				GCC_PREPROCESSOR_DEFINITIONS = (
					"DEBUG=1",
					"$(inherited)",
				);
				GCC_WARN_64_TO_32_BIT_CONVERSION = YES;
				GCC_WARN_ABOUT_RETURN_TYPE = YES_ERROR;
				GCC_WARN_UNDECLARED_SELECTOR = YES;
				GCC_WARN_UNINITIALIZED_AUTOS = YES_AGGRESSIVE;
				GCC_WARN_UNUSED_FUNCTION = YES;
				GCC_WARN_UNUSED_VARIABLE = YES;
				IPHONEOS_DEPLOYMENT_TARGET = 11.2;
				MTL_ENABLE_DEBUG_INFO = YES;
				ONLY_ACTIVE_ARCH = YES;
				SDKROOT = iphoneos;
				SWIFT_ACTIVE_COMPILATION_CONDITIONS = DEBUG;
				SWIFT_OPTIMIZATION_LEVEL = "-Onone";
			};
			name = Debug;
		};
		14A954B120B170AE0090F9B5 /* Release */ = {
			isa = XCBuildConfiguration;
			buildSettings = {
				ALWAYS_SEARCH_USER_PATHS = NO;
				CLANG_ANALYZER_NONNULL = YES;
				CLANG_ANALYZER_NUMBER_OBJECT_CONVERSION = YES_AGGRESSIVE;
				CLANG_CXX_LANGUAGE_STANDARD = "gnu++14";
				CLANG_CXX_LIBRARY = "libc++";
				CLANG_ENABLE_MODULES = YES;
				CLANG_ENABLE_OBJC_ARC = YES;
				CLANG_WARN_BLOCK_CAPTURE_AUTORELEASING = YES;
				CLANG_WARN_BOOL_CONVERSION = YES;
				CLANG_WARN_COMMA = YES;
				CLANG_WARN_CONSTANT_CONVERSION = YES;
				CLANG_WARN_DIRECT_OBJC_ISA_USAGE = YES_ERROR;
				CLANG_WARN_DOCUMENTATION_COMMENTS = YES;
				CLANG_WARN_EMPTY_BODY = YES;
				CLANG_WARN_ENUM_CONVERSION = YES;
				CLANG_WARN_INFINITE_RECURSION = YES;
				CLANG_WARN_INT_CONVERSION = YES;
				CLANG_WARN_NON_LITERAL_NULL_CONVERSION = YES;
				CLANG_WARN_OBJC_LITERAL_CONVERSION = YES;
				CLANG_WARN_OBJC_ROOT_CLASS = YES_ERROR;
				CLANG_WARN_RANGE_LOOP_ANALYSIS = YES;
				CLANG_WARN_STRICT_PROTOTYPES = YES;
				CLANG_WARN_SUSPICIOUS_MOVE = YES;
				CLANG_WARN_UNGUARDED_AVAILABILITY = YES_AGGRESSIVE;
				CLANG_WARN_UNREACHABLE_CODE = YES;
				CLANG_WARN__DUPLICATE_METHOD_MATCH = YES;
				CODE_SIGN_IDENTITY = "iPhone Developer";
				COPY_PHASE_STRIP = NO;
				DEBUG_INFORMATION_FORMAT = "dwarf-with-dsym";
				ENABLE_NS_ASSERTIONS = NO;
				ENABLE_STRICT_OBJC_MSGSEND = YES;
				GCC_C_LANGUAGE_STANDARD = gnu11;
				GCC_NO_COMMON_BLOCKS = YES;
				GCC_WARN_64_TO_32_BIT_CONVERSION = YES;
				GCC_WARN_ABOUT_RETURN_TYPE = YES_ERROR;
				GCC_WARN_UNDECLARED_SELECTOR = YES;
				GCC_WARN_UNINITIALIZED_AUTOS = YES_AGGRESSIVE;
				GCC_WARN_UNUSED_FUNCTION = YES;
				GCC_WARN_UNUSED_VARIABLE = YES;
				IPHONEOS_DEPLOYMENT_TARGET = 11.2;
				MTL_ENABLE_DEBUG_INFO = NO;
				SDKROOT = iphoneos;
				SWIFT_OPTIMIZATION_LEVEL = "-Owholemodule";
				VALIDATE_PRODUCT = YES;
			};
			name = Release;
		};
		14A954B320B170AE0090F9B5 /* Debug */ = {
			isa = XCBuildConfiguration;
			baseConfigurationReference = 77D3BD06D789E84DE8504810 /* Pods-PS4WeekReleases.debug.xcconfig */;
			buildSettings = {
				ASSETCATALOG_COMPILER_APPICON_NAME = AppIcon;
				CODE_SIGN_STYLE = Automatic;
				DEVELOPMENT_TEAM = XQLTE359NY;
				INFOPLIST_FILE = PS4WeekReleases/SupportingFiles/Info.plist;
				LD_RUNPATH_SEARCH_PATHS = "$(inherited) @executable_path/Frameworks";
				PRODUCT_BUNDLE_IDENTIFIER = io.gcarvalho.PS4WeekReleases;
				PRODUCT_NAME = "$(TARGET_NAME)";
				SWIFT_VERSION = 4.0;
				TARGETED_DEVICE_FAMILY = "1,2";
			};
			name = Debug;
		};
		14A954B420B170AE0090F9B5 /* Release */ = {
			isa = XCBuildConfiguration;
			baseConfigurationReference = 738701A99639B6A1AA75EFC5 /* Pods-PS4WeekReleases.release.xcconfig */;
			buildSettings = {
				ASSETCATALOG_COMPILER_APPICON_NAME = AppIcon;
				CODE_SIGN_STYLE = Automatic;
				DEVELOPMENT_TEAM = XQLTE359NY;
				INFOPLIST_FILE = PS4WeekReleases/SupportingFiles/Info.plist;
				LD_RUNPATH_SEARCH_PATHS = "$(inherited) @executable_path/Frameworks";
				PRODUCT_BUNDLE_IDENTIFIER = io.gcarvalho.PS4WeekReleases;
				PRODUCT_NAME = "$(TARGET_NAME)";
				SWIFT_VERSION = 4.0;
				TARGETED_DEVICE_FAMILY = "1,2";
			};
			name = Release;
		};
		14A954B620B170AE0090F9B5 /* Debug */ = {
			isa = XCBuildConfiguration;
			baseConfigurationReference = F17DF02E3D442B15623C0768 /* Pods-PS4WeekReleasesTests.debug.xcconfig */;
			buildSettings = {
				ALWAYS_EMBED_SWIFT_STANDARD_LIBRARIES = YES;
				BUNDLE_LOADER = "$(TEST_HOST)";
				CLANG_ENABLE_MODULES = YES;
				CODE_SIGN_STYLE = Automatic;
				DEVELOPMENT_TEAM = XQLTE359NY;
				INFOPLIST_FILE = PS4WeekReleasesTests/Info.plist;
				LD_RUNPATH_SEARCH_PATHS = "$(inherited) @executable_path/Frameworks @loader_path/Frameworks";
				PRODUCT_BUNDLE_IDENTIFIER = io.gcarvalho.PS4WeekReleasesTests;
				PRODUCT_NAME = "$(TARGET_NAME)";
				SWIFT_OBJC_BRIDGING_HEADER = "PS4WeekReleasesTests/Service/API/PS4WeekReleasesTests-Bridging-Header.h";
				SWIFT_OPTIMIZATION_LEVEL = "-Onone";
				SWIFT_VERSION = 4.0;
				TARGETED_DEVICE_FAMILY = "1,2";
				TEST_HOST = "$(BUILT_PRODUCTS_DIR)/PS4WeekReleases.app/PS4WeekReleases";
			};
			name = Debug;
		};
		14A954B720B170AE0090F9B5 /* Release */ = {
			isa = XCBuildConfiguration;
			baseConfigurationReference = A4EDD68EE172A3E8B76C596F /* Pods-PS4WeekReleasesTests.release.xcconfig */;
			buildSettings = {
				ALWAYS_EMBED_SWIFT_STANDARD_LIBRARIES = YES;
				BUNDLE_LOADER = "$(TEST_HOST)";
				CLANG_ENABLE_MODULES = YES;
				CODE_SIGN_STYLE = Automatic;
				DEVELOPMENT_TEAM = XQLTE359NY;
				INFOPLIST_FILE = PS4WeekReleasesTests/Info.plist;
				LD_RUNPATH_SEARCH_PATHS = "$(inherited) @executable_path/Frameworks @loader_path/Frameworks";
				PRODUCT_BUNDLE_IDENTIFIER = io.gcarvalho.PS4WeekReleasesTests;
				PRODUCT_NAME = "$(TARGET_NAME)";
				SWIFT_OBJC_BRIDGING_HEADER = "PS4WeekReleasesTests/Service/API/PS4WeekReleasesTests-Bridging-Header.h";
				SWIFT_VERSION = 4.0;
				TARGETED_DEVICE_FAMILY = "1,2";
				TEST_HOST = "$(BUILT_PRODUCTS_DIR)/PS4WeekReleases.app/PS4WeekReleases";
			};
			name = Release;
		};
		14A954B920B170AE0090F9B5 /* Debug */ = {
			isa = XCBuildConfiguration;
			baseConfigurationReference = 90BBDF5CC1D7F2E4D843ABB6 /* Pods-PS4WeekReleasesUITests.debug.xcconfig */;
			buildSettings = {
				ALWAYS_EMBED_SWIFT_STANDARD_LIBRARIES = YES;
				CODE_SIGN_STYLE = Automatic;
				DEVELOPMENT_TEAM = XQLTE359NY;
				INFOPLIST_FILE = PS4WeekReleasesUITests/Info.plist;
				LD_RUNPATH_SEARCH_PATHS = "$(inherited) @executable_path/Frameworks @loader_path/Frameworks";
				PRODUCT_BUNDLE_IDENTIFIER = io.gcarvalho.PS4WeekReleasesUITests;
				PRODUCT_NAME = "$(TARGET_NAME)";
				SWIFT_VERSION = 4.0;
				TARGETED_DEVICE_FAMILY = "1,2";
				TEST_TARGET_NAME = PS4WeekReleases;
			};
			name = Debug;
		};
		14A954BA20B170AE0090F9B5 /* Release */ = {
			isa = XCBuildConfiguration;
			baseConfigurationReference = B033B0A34F643B7D8FBFB85E /* Pods-PS4WeekReleasesUITests.release.xcconfig */;
			buildSettings = {
				ALWAYS_EMBED_SWIFT_STANDARD_LIBRARIES = YES;
				CODE_SIGN_STYLE = Automatic;
				DEVELOPMENT_TEAM = XQLTE359NY;
				INFOPLIST_FILE = PS4WeekReleasesUITests/Info.plist;
				LD_RUNPATH_SEARCH_PATHS = "$(inherited) @executable_path/Frameworks @loader_path/Frameworks";
				PRODUCT_BUNDLE_IDENTIFIER = io.gcarvalho.PS4WeekReleasesUITests;
				PRODUCT_NAME = "$(TARGET_NAME)";
				SWIFT_VERSION = 4.0;
				TARGETED_DEVICE_FAMILY = "1,2";
				TEST_TARGET_NAME = PS4WeekReleases;
			};
			name = Release;
		};
/* End XCBuildConfiguration section */

/* Begin XCConfigurationList section */
		14A9548220B170AE0090F9B5 /* Build configuration list for PBXProject "PS4WeekReleases" */ = {
			isa = XCConfigurationList;
			buildConfigurations = (
				14A954B020B170AE0090F9B5 /* Debug */,
				14A954B120B170AE0090F9B5 /* Release */,
			);
			defaultConfigurationIsVisible = 0;
			defaultConfigurationName = Release;
		};
		14A954B220B170AE0090F9B5 /* Build configuration list for PBXNativeTarget "PS4WeekReleases" */ = {
			isa = XCConfigurationList;
			buildConfigurations = (
				14A954B320B170AE0090F9B5 /* Debug */,
				14A954B420B170AE0090F9B5 /* Release */,
			);
			defaultConfigurationIsVisible = 0;
			defaultConfigurationName = Release;
		};
		14A954B520B170AE0090F9B5 /* Build configuration list for PBXNativeTarget "PS4WeekReleasesTests" */ = {
			isa = XCConfigurationList;
			buildConfigurations = (
				14A954B620B170AE0090F9B5 /* Debug */,
				14A954B720B170AE0090F9B5 /* Release */,
			);
			defaultConfigurationIsVisible = 0;
			defaultConfigurationName = Release;
		};
		14A954B820B170AE0090F9B5 /* Build configuration list for PBXNativeTarget "PS4WeekReleasesUITests" */ = {
			isa = XCConfigurationList;
			buildConfigurations = (
				14A954B920B170AE0090F9B5 /* Debug */,
				14A954BA20B170AE0090F9B5 /* Release */,
			);
			defaultConfigurationIsVisible = 0;
			defaultConfigurationName = Release;
		};
/* End XCConfigurationList section */

/* Begin XCVersionGroup section */
		14A9549120B170AE0090F9B5 /* PS4WeekReleases.xcdatamodeld */ = {
			isa = XCVersionGroup;
			children = (
				14A9549220B170AE0090F9B5 /* PS4WeekReleases.xcdatamodel */,
			);
			currentVersion = 14A9549220B170AE0090F9B5 /* PS4WeekReleases.xcdatamodel */;
			path = PS4WeekReleases.xcdatamodeld;
			sourceTree = "<group>";
			versionGroupType = wrapper.xcdatamodel;
		};
/* End XCVersionGroup section */
	};
	rootObject = 14A9547F20B170AE0090F9B5 /* Project object */;
}
